lockfileVersion: '6.0'

settings:
  autoInstallPeers: true
  excludeLinksFromLockfile: false

devDependencies:
  '@napi-rs/cli':
    specifier: ^2.17.0
    version: 2.17.0

packages:

  /@napi-rs/cli@2.17.0:
    resolution: {integrity: sha512-/M7MZ3dIqyFs6c0Bxtk+SOobPq6vYWYqBLYCOKx3dYWqoyJNBEgmDKUTrxIZu9eHw9Ill3WyEoHPqS9P99cd8A==}
    engines: {node: '>= 10'}
    hasBin: true
    dev: true
